
Microsoft Visual Studio Solution File, Format Version 12.00
# Visual Studio Version 16
VisualStudioVersion = 16.0.31402.337
MinimumVisualStudioVersion = 10.0.40219.1
Project("{888888A0-9F3D-457C-B088-3A5042F75D52}") = "AoC", "AoC\AoC.pyproj", "{20524F2C-3633-408A-A3B4-36782AE8CE0C}"
EndProject
Global
	GlobalSection(SolutionConfigurationPlatforms) = preSolution
		Debug|Any CPU = Debug|Any CPU
		Release|Any CPU = Release|Any CPU
	EndGlobalSection
	GlobalSection(ProjectConfigurationPlatforms) = postSolution
		{20524F2C-3633-408A-A3B4-36782AE8CE0C}.Debug|Any CPU.ActiveCfg = Debug|Any CPU
		{20524F2C-3633-408A-A3B4-36782AE8CE0C}.Release|Any CPU.ActiveCfg = Release|Any CPU
	EndGlobalSection
	GlobalSection(SolutionProperties) = preSolution
		HideSolutionNode = FALSE
	EndGlobalSection
	GlobalSection(ExtensibilityGlobals) = postSolution
		SolutionGuid = {A90EF1C2-CAAA-47CD-85A4-7860AB7CB75D}
	EndGlobalSection
EndGlobal
